// !$*UTF8*$!
{
	archiveVersion = 1;
	classes = {
	};
	objectVersion = 50;
	objects = {

/* Begin PBXBuildFile section */
		CA4326C22285CBF000BC3AE1 /* AppDelegate.swift in Sources */ = {isa = PBXBuildFile; fileRef = CA4326C12285CBF000BC3AE1 /* AppDelegate.swift */; };
		CA4326C72285CBF000BC3AE1 /* Main.storyboard in Resources */ = {isa = PBXBuildFile; fileRef = CA4326C52285CBF000BC3AE1 /* Main.storyboard */; };
		CA4326C92285CBF100BC3AE1 /* Assets.xcassets in Resources */ = {isa = PBXBuildFile; fileRef = CA4326C82285CBF100BC3AE1 /* Assets.xcassets */; };
		CA4326CC2285CBF100BC3AE1 /* LaunchScreen.storyboard in Resources */ = {isa = PBXBuildFile; fileRef = CA4326CA2285CBF100BC3AE1 /* LaunchScreen.storyboard */; };
		CA4326D52285CC6600BC3AE1 /* ShoppingListTableViewController.swift in Sources */ = {isa = PBXBuildFile; fileRef = CA4326D42285CC6600BC3AE1 /* ShoppingListTableViewController.swift */; };
		CA4326D82285CDF500BC3AE1 /* ItemTableViewCell.swift in Sources */ = {isa = PBXBuildFile; fileRef = CA4326D72285CDF500BC3AE1 /* ItemTableViewCell.swift */; };
		CA4326DB2285CE8D00BC3AE1 /* Unit2_ShoppingList_Koch.xcdatamodeld in Sources */ = {isa = PBXBuildFile; fileRef = CA4326D92285CE8D00BC3AE1 /* Unit2_ShoppingList_Koch.xcdatamodeld */; };
		CA4326DE2285CF0900BC3AE1 /* CoreDataStack.swift in Sources */ = {isa = PBXBuildFile; fileRef = CA4326DD2285CF0900BC3AE1 /* CoreDataStack.swift */; };
		CA4326E02285CF1B00BC3AE1 /* Item+Convenience.swift in Sources */ = {isa = PBXBuildFile; fileRef = CA4326DF2285CF1B00BC3AE1 /* Item+Convenience.swift */; };
		CA4326E22285D02E00BC3AE1 /* ItemController.swift in Sources */ = {isa = PBXBuildFile; fileRef = CA4326E12285D02E00BC3AE1 /* ItemController.swift */; };
/* End PBXBuildFile section */

/* Begin PBXFileReference section */
		CA4326BE2285CBF000BC3AE1 /* Unit2_ ShoppingList_Koch.app */ = {isa = PBXFileReference; explicitFileType = wrapper.application; includeInIndex = 0; path = "Unit2_ ShoppingList_Koch.app"; sourceTree = BUILT_PRODUCTS_DIR; };
		CA4326C12285CBF000BC3AE1 /* AppDelegate.swift */ = {isa = PBXFileReference; lastKnownFileType = sourcecode.swift; path = AppDelegate.swift; sourceTree = "<group>"; };
		CA4326C62285CBF000BC3AE1 /* Base */ = {isa = PBXFileReference; lastKnownFileType = file.storyboard; name = Base; path = Base.lproj/Main.storyboard; sourceTree = "<group>"; };
		CA4326C82285CBF100BC3AE1 /* Assets.xcassets */ = {isa = PBXFileReference; lastKnownFileType = folder.assetcatalog; path = Assets.xcassets; sourceTree = "<group>"; };
		CA4326CB2285CBF100BC3AE1 /* Base */ = {isa = PBXFileReference; lastKnownFileType = file.storyboard; name = Base; path = Base.lproj/LaunchScreen.storyboard; sourceTree = "<group>"; };
		CA4326CD2285CBF100BC3AE1 /* Info.plist */ = {isa = PBXFileReference; lastKnownFileType = text.plist.xml; path = Info.plist; sourceTree = "<group>"; };
		CA4326D42285CC6600BC3AE1 /* ShoppingListTableViewController.swift */ = {isa = PBXFileReference; lastKnownFileType = sourcecode.swift; path = ShoppingListTableViewController.swift; sourceTree = "<group>"; };
		CA4326D72285CDF500BC3AE1 /* ItemTableViewCell.swift */ = {isa = PBXFileReference; lastKnownFileType = sourcecode.swift; path = ItemTableViewCell.swift; sourceTree = "<group>"; };
		CA4326DA2285CE8D00BC3AE1 /* Unit2_ShoppingList_Koch.xcdatamodel */ = {isa = PBXFileReference; lastKnownFileType = wrapper.xcdatamodel; path = Unit2_ShoppingList_Koch.xcdatamodel; sourceTree = "<group>"; };
		CA4326DD2285CF0900BC3AE1 /* CoreDataStack.swift */ = {isa = PBXFileReference; lastKnownFileType = sourcecode.swift; path = CoreDataStack.swift; sourceTree = "<group>"; };
		CA4326DF2285CF1B00BC3AE1 /* Item+Convenience.swift */ = {isa = PBXFileReference; lastKnownFileType = sourcecode.swift; path = "Item+Convenience.swift"; sourceTree = "<group>"; };
		CA4326E12285D02E00BC3AE1 /* ItemController.swift */ = {isa = PBXFileReference; lastKnownFileType = sourcecode.swift; path = ItemController.swift; sourceTree = "<group>"; };
/* End PBXFileReference section */

/* Begin PBXFrameworksBuildPhase section */
		CA4326BB2285CBF000BC3AE1 /* Frameworks */ = {
			isa = PBXFrameworksBuildPhase;
			buildActionMask = 2147483647;
			files = (
			);
			runOnlyForDeploymentPostprocessing = 0;
		};
/* End PBXFrameworksBuildPhase section */

/* Begin PBXGroup section */
		CA4326B52285CBF000BC3AE1 = {
			isa = PBXGroup;
			children = (
				CA4326C02285CBF000BC3AE1 /* Unit2_ ShoppingList_Koch */,
				CA4326BF2285CBF000BC3AE1 /* Products */,
			);
			sourceTree = "<group>";
		};
		CA4326BF2285CBF000BC3AE1 /* Products */ = {
			isa = PBXGroup;
			children = (
				CA4326BE2285CBF000BC3AE1 /* Unit2_ ShoppingList_Koch.app */,
			);
			name = Products;
			sourceTree = "<group>";
		};
		CA4326C02285CBF000BC3AE1 /* Unit2_ ShoppingList_Koch */ = {
			isa = PBXGroup;
			children = (
				CA4326C52285CBF000BC3AE1 /* Main.storyboard */,
				CA4326E32285D03400BC3AE1 /* Model Controller */,
				CA4326DC2285CE9600BC3AE1 /* Model */,
				CA4326D62285CC7000BC3AE1 /* ViewController */,
				CA4326D32285CC0600BC3AE1 /* Resources */,
			);
			path = "Unit2_ ShoppingList_Koch";
			sourceTree = "<group>";
		};
		CA4326D32285CC0600BC3AE1 /* Resources */ = {
			isa = PBXGroup;
			children = (
				CA4326C12285CBF000BC3AE1 /* AppDelegate.swift */,
				CA4326C82285CBF100BC3AE1 /* Assets.xcassets */,
				CA4326CA2285CBF100BC3AE1 /* LaunchScreen.storyboard */,
				CA4326CD2285CBF100BC3AE1 /* Info.plist */,
			);
			path = Resources;
			sourceTree = "<group>";
		};
		CA4326D62285CC7000BC3AE1 /* ViewController */ = {
			isa = PBXGroup;
			children = (
				CA4326D42285CC6600BC3AE1 /* ShoppingListTableViewController.swift */,
				CA4326D72285CDF500BC3AE1 /* ItemTableViewCell.swift */,
			);
			path = ViewController;
			sourceTree = "<group>";
		};
		CA4326DC2285CE9600BC3AE1 /* Model */ = {
			isa = PBXGroup;
			children = (
				CA4326D92285CE8D00BC3AE1 /* Unit2_ShoppingList_Koch.xcdatamodeld */,
				CA4326DD2285CF0900BC3AE1 /* CoreDataStack.swift */,
				CA4326DF2285CF1B00BC3AE1 /* Item+Convenience.swift */,
			);
			path = Model;
			sourceTree = "<group>";
		};
		CA4326E32285D03400BC3AE1 /* Model Controller */ = {
			isa = PBXGroup;
			children = (
				CA4326E12285D02E00BC3AE1 /* ItemController.swift */,
			);
			path = "Model Controller";
			sourceTree = "<group>";
		};
/* End PBXGroup section */

/* Begin PBXNativeTarget section */
		CA4326BD2285CBF000BC3AE1 /* Unit2_ ShoppingList_Koch */ = {
			isa = PBXNativeTarget;
			buildConfigurationList = CA4326D02285CBF100BC3AE1 /* Build configuration list for PBXNativeTarget "Unit2_ ShoppingList_Koch" */;
			buildPhases = (
				CA4326BA2285CBF000BC3AE1 /* Sources */,
				CA4326BB2285CBF000BC3AE1 /* Frameworks */,
				CA4326BC2285CBF000BC3AE1 /* Resources */,
			);
			buildRules = (
			);
			dependencies = (
			);
			name = "Unit2_ ShoppingList_Koch";
			productName = "Unit2_ ShoppingList_Koch";
			productReference = CA4326BE2285CBF000BC3AE1 /* Unit2_ ShoppingList_Koch.app */;
			productType = "com.apple.product-type.application";
		};
/* End PBXNativeTarget section */

/* Begin PBXProject section */
		CA4326B62285CBF000BC3AE1 /* Project object */ = {
			isa = PBXProject;
			attributes = {
				LastSwiftUpdateCheck = 1020;
				LastUpgradeCheck = 1020;
				ORGANIZATIONNAME = "Rabbit Hole Fashion";
				TargetAttributes = {
					CA4326BD2285CBF000BC3AE1 = {
						CreatedOnToolsVersion = 10.2.1;
					};
				};
			};
			buildConfigurationList = CA4326B92285CBF000BC3AE1 /* Build configuration list for PBXProject "Unit2_ ShoppingList_Koch" */;
			compatibilityVersion = "Xcode 9.3";
			developmentRegion = en;
			hasScannedForEncodings = 0;
			knownRegions = (
				en,
				Base,
			);
			mainGroup = CA4326B52285CBF000BC3AE1;
			productRefGroup = CA4326BF2285CBF000BC3AE1 /* Products */;
			projectDirPath = "";
			projectRoot = "";
			targets = (
				CA4326BD2285CBF000BC3AE1 /* Unit2_ ShoppingList_Koch */,
			);
		};
/* End PBXProject section */

/* Begin PBXResourcesBuildPhase section */
		CA4326BC2285CBF000BC3AE1 /* Resources */ = {
			isa = PBXResourcesBuildPhase;
			buildActionMask = 2147483647;
			files = (
				CA4326CC2285CBF100BC3AE1 /* LaunchScreen.storyboard in Resources */,
				CA4326C92285CBF100BC3AE1 /* Assets.xcassets in Resources */,
				CA4326C72285CBF000BC3AE1 /* Main.storyboard in Resources */,
			);
			runOnlyForDeploymentPostprocessing = 0;
		};
/* End PBXResourcesBuildPhase section */

/* Begin PBXSourcesBuildPhase section */
		CA4326BA2285CBF000BC3AE1 /* Sources */ = {
			isa = PBXSourcesBuildPhase;
			buildActionMask = 2147483647;
			files = (
				CA4326E22285D02E00BC3AE1 /* ItemController.swift in Sources */,
				CA4326E02285CF1B00BC3AE1 /* Item+Convenience.swift in Sources */,
				CA4326DE2285CF0900BC3AE1 /* CoreDataStack.swift in Sources */,
				CA4326C22285CBF000BC3AE1 /* AppDelegate.swift in Sources */,
				CA4326DB2285CE8D00BC3AE1 /* Unit2_ShoppingList_Koch.xcdatamodeld in Sources */,
				CA4326D82285CDF500BC3AE1 /* ItemTableViewCell.swift in Sources */,
				CA4326D52285CC6600BC3AE1 /* ShoppingListTableViewController.swift in Sources */,
			);
			runOnlyForDeploymentPostprocessing = 0;
		};
/* End PBXSourcesBuildPhase section */

/* Begin PBXVariantGroup section */
		CA4326C52285CBF000BC3AE1 /* Main.storyboard */ = {
			isa = PBXVariantGroup;
			children = (
				CA4326C62285CBF000BC3AE1 /* Base */,
			);
			name = Main.storyboard;
			sourceTree = "<group>";
		};
		CA4326CA2285CBF100BC3AE1 /* LaunchScreen.storyboard */ = {
			isa = PBXVariantGroup;
			children = (
				CA4326CB2285CBF100BC3AE1 /* Base */,
			);
			name = LaunchScreen.storyboard;
			sourceTree = "<group>";
		};
/* End PBXVariantGroup section */

/* Begin XCBuildConfiguration section */
		CA4326CE2285CBF100BC3AE1 /* Debug */ = {
			isa = XCBuildConfiguration;
			buildSettings = {
				ALWAYS_SEARCH_USER_PATHS = NO;
				CLANG_ANALYZER_NONNULL = YES;
				CLANG_ANALYZER_NUMBER_OBJECT_CONVERSION = YES_AGGRESSIVE;
				CLANG_CXX_LANGUAGE_STANDARD = "gnu++14";
				CLANG_CXX_LIBRARY = "libc++";
				CLANG_ENABLE_MODULES = YES;
				CLANG_ENABLE_OBJC_ARC = YES;
				CLANG_ENABLE_OBJC_WEAK = YES;
				CLANG_WARN_BLOCK_CAPTURE_AUTORELEASING = YES;
				CLANG_WARN_BOOL_CONVERSION = YES;
				CLANG_WARN_COMMA = YES;
				CLANG_WARN_CONSTANT_CONVERSION = YES;
				CLANG_WARN_DEPRECATED_OBJC_IMPLEMENTATIONS = YES;
				CLANG_WARN_DIRECT_OBJC_ISA_USAGE = YES_ERROR;
				CLANG_WARN_DOCUMENTATION_COMMENTS = YES;
				CLANG_WARN_EMPTY_BODY = YES;
				CLANG_WARN_ENUM_CONVERSION = YES;
				CLANG_WARN_INFINITE_RECURSION = YES;
				CLANG_WARN_INT_CONVERSION = YES;
				CLANG_WARN_NON_LITERAL_NULL_CONVERSION = YES;
				CLANG_WARN_OBJC_IMPLICIT_RETAIN_SELF = YES;
				CLANG_WARN_OBJC_LITERAL_CONVERSION = YES;
				CLANG_WARN_OBJC_ROOT_CLASS = YES_ERROR;
				CLANG_WARN_RANGE_LOOP_ANALYSIS = YES;
				CLANG_WARN_STRICT_PROTOTYPES = YES;
				CLANG_WARN_SUSPICIOUS_MOVE = YES;
				CLANG_WARN_UNGUARDED_AVAILABILITY = YES_AGGRESSIVE;
				CLANG_WARN_UNREACHABLE_CODE = YES;
				CLANG_WARN__DUPLICATE_METHOD_MATCH = YES;
				CODE_SIGN_IDENTITY = "iPhone Developer";
				COPY_PHASE_STRIP = NO;
				DEBUG_INFORMATION_FORMAT = dwarf;
				ENABLE_STRICT_OBJC_MSGSEND = YES;
				ENABLE_TESTABILITY = YES;
				GCC_C_LANGUAGE_STANDARD = gnu11;
				GCC_DYNAMIC_NO_PIC = NO;
				GCC_NO_COMMON_BLOCKS = YES;
				GCC_OPTIMIZATION_LEVEL = 0;
				GCC_PREPROCESSOR_DEFINITIONS = (
					"DEBUG=1",
					"$(inherited)",
				);
				GCC_WARN_64_TO_32_BIT_CONVERSION = YES;
				GCC_WARN_ABOUT_RETURN_TYPE = YES_ERROR;
				GCC_WARN_UNDECLARED_SELECTOR = YES;
				GCC_WARN_UNINITIALIZED_AUTOS = YES_AGGRESSIVE;
				GCC_WARN_UNUSED_FUNCTION = YES;
				GCC_WARN_UNUSED_VARIABLE = YES;
				IPHONEOS_DEPLOYMENT_TARGET = 12.2;
				MTL_ENABLE_DEBUG_INFO = INCLUDE_SOURCE;
				MTL_FAST_MATH = YES;
				ONLY_ACTIVE_ARCH = YES;
				SDKROOT = iphoneos;
				SWIFT_ACTIVE_COMPILATION_CONDITIONS = DEBUG;
				SWIFT_OPTIMIZATION_LEVEL = "-Onone";
			};
			name = Debug;
		};
		CA4326CF2285CBF100BC3AE1 /* Release */ = {
			isa = XCBuildConfiguration;
			buildSettings = {
				ALWAYS_SEARCH_USER_PATHS = NO;
				CLANG_ANALYZER_NONNULL = YES;
				CLANG_ANALYZER_NUMBER_OBJECT_CONVERSION = YES_AGGRESSIVE;
				CLANG_CXX_LANGUAGE_STANDARD = "gnu++14";
				CLANG_CXX_LIBRARY = "libc++";
				CLANG_ENABLE_MODULES = YES;
				CLANG_ENABLE_OBJC_ARC = YES;
				CLANG_ENABLE_OBJC_WEAK = YES;
				CLANG_WARN_BLOCK_CAPTURE_AUTORELEASING = YES;
				CLANG_WARN_BOOL_CONVERSION = YES;
				CLANG_WARN_COMMA = YES;
				CLANG_WARN_CONSTANT_CONVERSION = YES;
				CLANG_WARN_DEPRECATED_OBJC_IMPLEMENTATIONS = YES;
				CLANG_WARN_DIRECT_OBJC_ISA_USAGE = YES_ERROR;
				CLANG_WARN_DOCUMENTATION_COMMENTS = YES;
				CLANG_WARN_EMPTY_BODY = YES;
				CLANG_WARN_ENUM_CONVERSION = YES;
				CLANG_WARN_INFINITE_RECURSION = YES;
				CLANG_WARN_INT_CONVERSION = YES;
				CLANG_WARN_NON_LITERAL_NULL_CONVERSION = YES;
				CLANG_WARN_OBJC_IMPLICIT_RETAIN_SELF = YES;
				CLANG_WARN_OBJC_LITERAL_CONVERSION = YES;
				CLANG_WARN_OBJC_ROOT_CLASS = YES_ERROR;
				CLANG_WARN_RANGE_LOOP_ANALYSIS = YES;
				CLANG_WARN_STRICT_PROTOTYPES = YES;
				CLANG_WARN_SUSPICIOUS_MOVE = YES;
				CLANG_WARN_UNGUARDED_AVAILABILITY = YES_AGGRESSIVE;
				CLANG_WARN_UNREACHABLE_CODE = YES;
				CLANG_WARN__DUPLICATE_METHOD_MATCH = YES;
				CODE_SIGN_IDENTITY = "iPhone Developer";
				COPY_PHASE_STRIP = NO;
				DEBUG_INFORMATION_FORMAT = "dwarf-with-dsym";
				ENABLE_NS_ASSERTIONS = NO;
				ENABLE_STRICT_OBJC_MSGSEND = YES;
				GCC_C_LANGUAGE_STANDARD = gnu11;
				GCC_NO_COMMON_BLOCKS = YES;
				GCC_WARN_64_TO_32_BIT_CONVERSION = YES;
				GCC_WARN_ABOUT_RETURN_TYPE = YES_ERROR;
				GCC_WARN_UNDECLARED_SELECTOR = YES;
				GCC_WARN_UNINITIALIZED_AUTOS = YES_AGGRESSIVE;
				GCC_WARN_UNUSED_FUNCTION = YES;
				GCC_WARN_UNUSED_VARIABLE = YES;
				IPHONEOS_DEPLOYMENT_TARGET = 12.2;
				MTL_ENABLE_DEBUG_INFO = NO;
				MTL_FAST_MATH = YES;
				SDKROOT = iphoneos;
				SWIFT_COMPILATION_MODE = wholemodule;
				SWIFT_OPTIMIZATION_LEVEL = "-O";
				VALIDATE_PRODUCT = YES;
			};
			name = Release;
		};
		CA4326D12285CBF100BC3AE1 /* Debug */ = {
			isa = XCBuildConfiguration;
			buildSettings = {
				ASSETCATALOG_COMPILER_APPICON_NAME = AppIcon;
				CODE_SIGN_STYLE = Automatic;
				INFOPLIST_FILE = "$(SRCROOT)/Unit2_ ShoppingList_Koch/Resources/Info.plist";
				LD_RUNPATH_SEARCH_PATHS = (
					"$(inherited)",
					"@executable_path/Frameworks",
				);
				PRODUCT_BUNDLE_IDENTIFIER = "com.rabbitholefashion.Unit2--ShoppingList-Koch";
				PRODUCT_NAME = "$(TARGET_NAME)";
				SWIFT_VERSION = 5.0;
				TARGETED_DEVICE_FAMILY = "1,2";
			};
			name = Debug;
		};
		CA4326D22285CBF100BC3AE1 /* Release */ = {
			isa = XCBuildConfiguration;
			buildSettings = {
				ASSETCATALOG_COMPILER_APPICON_NAME = AppIcon;
				CODE_SIGN_STYLE = Automatic;
				INFOPLIST_FILE = "$(SRCROOT)/Unit2_ ShoppingList_Koch/Resources/Info.plist";
				LD_RUNPATH_SEARCH_PATHS = (
					"$(inherited)",
					"@executable_path/Frameworks",
				);
				PRODUCT_BUNDLE_IDENTIFIER = "com.rabbitholefashion.Unit2--ShoppingList-Koch";
				PRODUCT_NAME = "$(TARGET_NAME)";
				SWIFT_VERSION = 5.0;
				TARGETED_DEVICE_FAMILY = "1,2";
			};
			name = Release;
		};
/* End XCBuildConfiguration section */

/* Begin XCConfigurationList section */
		CA4326B92285CBF000BC3AE1 /* Build configuration list for PBXProject "Unit2_ ShoppingList_Koch" */ = {
			isa = XCConfigurationList;
			buildConfigurations = (
				CA4326CE2285CBF100BC3AE1 /* Debug */,
				CA4326CF2285CBF100BC3AE1 /* Release */,
			);
			defaultConfigurationIsVisible = 0;
			defaultConfigurationName = Release;
		};
		CA4326D02285CBF100BC3AE1 /* Build configuration list for PBXNativeTarget "Unit2_ ShoppingList_Koch" */ = {
			isa = XCConfigurationList;
			buildConfigurations = (
				CA4326D12285CBF100BC3AE1 /* Debug */,
				CA4326D22285CBF100BC3AE1 /* Release */,
			);
			defaultConfigurationIsVisible = 0;
			defaultConfigurationName = Release;
		};
/* End XCConfigurationList section */

/* Begin XCVersionGroup section */
		CA4326D92285CE8D00BC3AE1 /* Unit2_ShoppingList_Koch.xcdatamodeld */ = {
			isa = XCVersionGroup;
			children = (
				CA4326DA2285CE8D00BC3AE1 /* Unit2_ShoppingList_Koch.xcdatamodel */,
			);
			currentVersion = CA4326DA2285CE8D00BC3AE1 /* Unit2_ShoppingList_Koch.xcdatamodel */;
			path = Unit2_ShoppingList_Koch.xcdatamodeld;
			sourceTree = "<group>";
			versionGroupType = wrapper.xcdatamodel;
		};
/* End XCVersionGroup section */
	};
	rootObject = CA4326B62285CBF000BC3AE1 /* Project object */;
}
